
Microsoft Visual Studio Solution File, Format Version 12.00
# Visual Studio Version 17
VisualStudioVersion = 17.13.35818.85
MinimumVisualStudioVersion = 10.0.40219.1
Project("{FAE04EC0-301F-11D3-BF4B-00C04F79EFBC}") = "IncidentsAppApi", "IncidentsAppApi\IncidentsAppApi.csproj", "{DB128EF3-37E9-490B-B80A-3EA507CB9058}"
EndProject
Project("{FAE04EC0-301F-11D3-BF4B-00C04F79EFBC}") = "IncidentsAppApiTest", "IncidentsAppApiTest\IncidentsAppApiTest.csproj", "{75AAD101-E5D5-4377-BFA8-D2718445D91C}"
EndProject
Global
	GlobalSection(SolutionConfigurationPlatforms) = preSolution
		Debug|Any CPU = Debug|Any CPU
		Release|Any CPU = Release|Any CPU
	EndGlobalSection
	GlobalSection(ProjectConfigurationPlatforms) = postSolution
		{DB128EF3-37E9-490B-B80A-3EA507CB9058}.Debug|Any CPU.ActiveCfg = Debug|Any CPU
		{DB128EF3-37E9-490B-B80A-3EA507CB9058}.Debug|Any CPU.Build.0 = Debug|Any CPU
		{DB128EF3-37E9-490B-B80A-3EA507CB9058}.Release|Any CPU.ActiveCfg = Release|Any CPU
		{DB128EF3-37E9-490B-B80A-3EA507CB9058}.Release|Any CPU.Build.0 = Release|Any CPU
		{75AAD101-E5D5-4377-BFA8-D2718445D91C}.Debug|Any CPU.ActiveCfg = Debug|Any CPU
		{75AAD101-E5D5-4377-BFA8-D2718445D91C}.Debug|Any CPU.Build.0 = Debug|Any CPU
		{75AAD101-E5D5-4377-BFA8-D2718445D91C}.Release|Any CPU.ActiveCfg = Release|Any CPU
		{75AAD101-E5D5-4377-BFA8-D2718445D91C}.Release|Any CPU.Build.0 = Release|Any CPU
	EndGlobalSection
	GlobalSection(SolutionProperties) = preSolution
		HideSolutionNode = FALSE
	EndGlobalSection
	GlobalSection(ExtensibilityGlobals) = postSolution
		SolutionGuid = {723ACECF-3FDA-49E0-920F-A8C997A0A632}
	EndGlobalSection
EndGlobal
